# THIS IS AN AUTOGENERATED FILE. DO NOT EDIT THIS FILE DIRECTLY.
# yarn lockfile v1


d3-delaunay@^4.1.5:
  version "4.1.5"
  resolved "http://registry.npm.taobao.org/d3-delaunay/download/d3-delaunay-4.1.5.tgz#4318c6d28b22988d88d11650eda440318afe419a"
  integrity sha1-QxjG0osimI2I0RZQ7aRAMYr+QZo=
  dependencies:
    delaunator "^2.0.0"

delaunator@^2.0.0:
  version "2.0.5"
  resolved "http://registry.npm.taobao.org/delaunator/download/delaunator-2.0.5.tgz#c2a9ba2cf3d5aaab8fa0aa3ae82426d3fc0aeaf5"
  integrity sha1-wqm6LPPVqquPoKo66CQm0/wK6vU=
